
Microsoft Visual Studio Solution File, Format Version 12.00
# Visual Studio Version 17
VisualStudioVersion = 17.5.002.0
MinimumVisualStudioVersion = 10.0.40219.1
Project("{9A19103F-16F7-4668-BE54-9A1E7A4F7556}") = "AspNetCoreTodo", "AspNetCoreTodo.csproj", "{AECF0420-8A1E-4BF0-BCC9-31E87532CAFA}"
EndProject
Global
	GlobalSection(SolutionConfigurationPlatforms) = preSolution
		Debug|Any CPU = Debug|Any CPU
		Release|Any CPU = Release|Any CPU
	EndGlobalSection
	GlobalSection(ProjectConfigurationPlatforms) = postSolution
		{AECF0420-8A1E-4BF0-BCC9-31E87532CAFA}.Debug|Any CPU.ActiveCfg = Debug|Any CPU
		{AECF0420-8A1E-4BF0-BCC9-31E87532CAFA}.Debug|Any CPU.Build.0 = Debug|Any CPU
		{AECF0420-8A1E-4BF0-BCC9-31E87532CAFA}.Release|Any CPU.ActiveCfg = Release|Any CPU
		{AECF0420-8A1E-4BF0-BCC9-31E87532CAFA}.Release|Any CPU.Build.0 = Release|Any CPU
	EndGlobalSection
	GlobalSection(SolutionProperties) = preSolution
		HideSolutionNode = FALSE
	EndGlobalSection
	GlobalSection(ExtensibilityGlobals) = postSolution
		SolutionGuid = {65A08F7E-E710-483A-80FE-C3D7493406BB}
	EndGlobalSection
EndGlobal
